
Microsoft Visual Studio Solution File, Format Version 12.00
# Visual Studio Version 17
VisualStudioVersion = 17.7.34031.279
MinimumVisualStudioVersion = 10.0.40219.1
Project("{9A19103F-16F7-4668-BE54-9A1E7A4F7556}") = "Bibilioteca", "Bibilioteca.csproj", "{B3BBA9D9-FCE5-4258-B043-6958663ABFD8}"
EndProject
Project("{FAE04EC0-301F-11D3-BF4B-00C04F79EFBC}") = "BibliotecaTests", "..\BibliotecaTests\BibliotecaTests.csproj", "{7171145D-3772-4E03-A524-04044FBABCA4}"
EndProject
Global
	GlobalSection(SolutionConfigurationPlatforms) = preSolution
		Debug|Any CPU = Debug|Any CPU
		Release|Any CPU = Release|Any CPU
	EndGlobalSection
	GlobalSection(ProjectConfigurationPlatforms) = postSolution
		{B3BBA9D9-FCE5-4258-B043-6958663ABFD8}.Debug|Any CPU.ActiveCfg = Debug|Any CPU
		{B3BBA9D9-FCE5-4258-B043-6958663ABFD8}.Debug|Any CPU.Build.0 = Debug|Any CPU
		{B3BBA9D9-FCE5-4258-B043-6958663ABFD8}.Release|Any CPU.ActiveCfg = Release|Any CPU
		{B3BBA9D9-FCE5-4258-B043-6958663ABFD8}.Release|Any CPU.Build.0 = Release|Any CPU
		{7171145D-3772-4E03-A524-04044FBABCA4}.Debug|Any CPU.ActiveCfg = Debug|Any CPU
		{7171145D-3772-4E03-A524-04044FBABCA4}.Debug|Any CPU.Build.0 = Debug|Any CPU
		{7171145D-3772-4E03-A524-04044FBABCA4}.Release|Any CPU.ActiveCfg = Release|Any CPU
		{7171145D-3772-4E03-A524-04044FBABCA4}.Release|Any CPU.Build.0 = Release|Any CPU
	EndGlobalSection
	GlobalSection(SolutionProperties) = preSolution
		HideSolutionNode = FALSE
	EndGlobalSection
	GlobalSection(ExtensibilityGlobals) = postSolution
		SolutionGuid = {9CF8A092-E41C-415E-AF3F-694887A60D98}
	EndGlobalSection
EndGlobal
